
Microsoft Visual Studio Solution File, Format Version 12.00
# Visual Studio Version 17
VisualStudioVersion = 17.4.33110.190
MinimumVisualStudioVersion = 10.0.40219.1
Project("{FAE04EC0-301F-11D3-BF4B-00C04F79EFBC}") = "Linker", "Linker\Linker.csproj", "{ED1312B9-A5B2-4651-A27E-BA469D2137DC}"
EndProject
Global
	GlobalSection(SolutionConfigurationPlatforms) = preSolution
		Debug|Any CPU = Debug|Any CPU
		Release|Any CPU = Release|Any CPU
	EndGlobalSection
	GlobalSection(ProjectConfigurationPlatforms) = postSolution
		{ED1312B9-A5B2-4651-A27E-BA469D2137DC}.Debug|Any CPU.ActiveCfg = Debug|Any CPU
		{ED1312B9-A5B2-4651-A27E-BA469D2137DC}.Debug|Any CPU.Build.0 = Debug|Any CPU
		{ED1312B9-A5B2-4651-A27E-BA469D2137DC}.Release|Any CPU.ActiveCfg = Release|Any CPU
		{ED1312B9-A5B2-4651-A27E-BA469D2137DC}.Release|Any CPU.Build.0 = Release|Any CPU
	EndGlobalSection
	GlobalSection(SolutionProperties) = preSolution
		HideSolutionNode = FALSE
	EndGlobalSection
	GlobalSection(ExtensibilityGlobals) = postSolution
		SolutionGuid = {05DE5F7C-174B-4913-AB93-8CCA48E7EA29}
	EndGlobalSection
EndGlobal
